<?xml version="1.0" encoding="utf-8"?>
<Project ToolsVersion="4.0" xmlns="http://schemas.microsoft.com/developer/msbuild/2003">
  <ItemGroup>
    <Filter Include="소스 파일">
      <UniqueIdentifier>{4FC737F1-C7A5-4376-A066-2A32D752A2FF}</UniqueIdentifier>
      <Extensions>cpp;c;cc;cxx;c++;cppm;ixx;def;odl;idl;hpj;bat;asm;asmx</Extensions>
    </Filter>
    <Filter Include="헤더 파일">
      <UniqueIdentifier>{93995380-89BD-4b04-88EB-625FBE52EBFB}</UniqueIdentifier>
      <Extensions>h;hh;hpp;hxx;h++;hm;inl;inc;ipp;xsd</Extensions>
    </Filter>
    <Filter Include="리소스 파일">
      <UniqueIdentifier>{67DA6AB6-F800-4c08-8B7A-83BB121AAD01}</UniqueIdentifier>
      <Extensions>rc;ico;cur;bmp;dlg;rc2;rct;bin;rgs;gif;jpg;jpeg;jpe;resx;tiff;tif;png;wav;mfcribbon-ms</Extensions>
    </Filter>
    <Filter Include="소스 파일\Core">
      <UniqueIdentifier>{baa0dff5-b95a-44e9-9bcc-cbabb7855fde}</UniqueIdentifier>
    </Filter>
    <Filter Include="소스 파일\Player">
      <UniqueIdentifier>{24e658a3-9483-4a39-b571-63cc795eed1c}</UniqueIdentifier>
    </Filter>
    <Filter Include="소스 파일\Monster">
      <UniqueIdentifier>{d664b3d9-6d98-4482-8404-8b03d842d7f0}</UniqueIdentifier>
    </Filter>
    <Filter Include="소스 파일\Inventory">
      <UniqueIdentifier>{166528af-a302-4eaf-ad72-bc934354647b}</UniqueIdentifier>
    </Filter>
    <Filter Include="소스 파일\Battle">
      <UniqueIdentifier>{9910174f-618d-4a3b-b7dc-8b6069cfd489}</UniqueIdentifier>
    </Filter>
    <Filter Include="소스 파일\UI">
      <UniqueIdentifier>{81261f79-4ea5-4bdd-aafd-6e669dfb443d}</UniqueIdentifier>
    </Filter>
    <Filter Include="헤더 파일\Core">
      <UniqueIdentifier>{17566bb6-a0b8-4261-bb4f-3bc0a641e5a3}</UniqueIdentifier>
    </Filter>
    <Filter Include="헤더 파일\Player">
      <UniqueIdentifier>{9d370293-188c-458f-b38a-befefcbf3958}</UniqueIdentifier>
    </Filter>
    <Filter Include="헤더 파일\Monster">
      <UniqueIdentifier>{8e5dc816-f977-4949-8426-6fda665b8a5f}</UniqueIdentifier>
    </Filter>
    <Filter Include="헤더 파일\Inventory">
      <UniqueIdentifier>{4c9a7743-c069-4fd6-a59e-3d3ce70c95aa}</UniqueIdentifier>
    </Filter>
    <Filter Include="헤더 파일\Battle">
      <UniqueIdentifier>{d20f1c2b-8cff-4608-80a0-1b52a8fc6bff}</UniqueIdentifier>
    </Filter>
    <Filter Include="헤더 파일\UI">
      <UniqueIdentifier>{6ff7b6bd-8fc4-48b6-b47e-6057e14572c5}</UniqueIdentifier>
    </Filter>
  </ItemGroup>
  <ItemGroup>
    <ClCompile Include="GameContext.cpp">
      <Filter>소스 파일\Core</Filter>
    </ClCompile>
    <ClCompile Include="GameManager.cpp">
      <Filter>소스 파일\Core</Filter>
    </ClCompile>
    <ClCompile Include="InputManager.cpp">
      <Filter>소스 파일\UI</Filter>
    </ClCompile>
    <ClCompile Include="ConsolUI.cpp">
      <Filter>소스 파일\UI</Filter>
    </ClCompile>
    <ClCompile Include="Monster.cpp">
      <Filter>소스 파일\Monster</Filter>
    </ClCompile>
    <ClCompile Include="Player.cpp">
      <Filter>소스 파일\Player</Filter>
    </ClCompile>
    <ClCompile Include="TextRPG.cpp">
      <Filter>소스 파일\UI</Filter>
    </ClCompile>
    <ClCompile Include="Battle.cpp">
      <Filter>소스 파일\Battle</Filter>
    </ClCompile>
    <ClCompile Include="Jin.cpp">
      <Filter>소스 파일\Player</Filter>
    </ClCompile>
    <ClCompile Include="Gang.cpp">
      <Filter>소스 파일\Player</Filter>
    </ClCompile>
    <ClCompile Include="Ryu.cpp">
      <Filter>소스 파일\Player</Filter>
    </ClCompile>
    <ClCompile Include="Player.cpp">
      <Filter>소스 파일</Filter>
    </ClCompile>
    <ClCompile Include="ItemFactory.cpp">
      <Filter>소스 파일\Inventory</Filter>
    </ClCompile>
    <ClCompile Include="InputManager.h">
      <Filter>헤더 파일</Filter>
    </ClCompile>
    <ClCompile Include="Inventory.cpp">
      <Filter>소스 파일\Inventory</Filter>
    </ClCompile>
    <ClCompile Include="Item.cpp">
      <Filter>소스 파일\Inventory</Filter>
    </ClCompile>
  </ItemGroup>
  <ItemGroup>
    <ClInclude Include="ConsolUI.h">
      <Filter>헤더 파일\UI</Filter>
    </ClInclude>
    <ClInclude Include="GameContext.h">
      <Filter>헤더 파일\Core</Filter>
    </ClInclude>
    <ClInclude Include="GameManager.h">
      <Filter>헤더 파일\Core</Filter>
    </ClInclude>
    <ClInclude Include="Battle.h">
      <Filter>헤더 파일\Battle</Filter>
    </ClInclude>
    <ClInclude Include="InputManager.h">
      <Filter>헤더 파일\UI</Filter>
    </ClInclude>
    <ClInclude Include="Monster.h">
      <Filter>헤더 파일\Monster</Filter>
    </ClInclude>
    <ClInclude Include="Inventory.h">
      <Filter>헤더 파일\Inventory</Filter>
    </ClInclude>
    <ClInclude Include="Item.h">
      <Filter>헤더 파일\Inventory</Filter>
    </ClInclude>
    <ClInclude Include="ItemFactory.h">
      <Filter>헤더 파일\Inventory</Filter>
      <Filter>헤더 파일\Player</Filter>
    </ClInclude>
    <ClInclude Include="Jin.h">
      <Filter>헤더 파일\Player</Filter>
    </ClInclude>
    <ClInclude Include="Gang.h">
      <Filter>헤더 파일\Player</Filter>
    </ClInclude>
    <ClInclude Include="Ryu.h">
      <Filter>헤더 파일\Player</Filter>
    </ClInclude>
    <ClInclude Include="StatBonus.h">
      <Filter>헤더 파일\Player</Filter>
    </ClInclude>
    <ClInclude Include="Player.h">
      <Filter>헤더 파일\Player</Filter>
    </ClInclude>
  </ItemGroup>
</Project>